<?xml version="1.0" encoding="utf-8"?>
<Project ToolsVersion="4.0" xmlns="http://schemas.microsoft.com/developer/msbuild/2003">
  <ItemGroup>
    <Filter Include="Header Files">
      <UniqueIdentifier>{93995380-89BD-4b04-88EB-625FBE52EBFB}</UniqueIdentifier>
      <Extensions>h;hpp;hxx;hm;inl;inc;xsd</Extensions>
    </Filter>
    <Filter Include="Resource Files">
      <UniqueIdentifier>{67DA6AB6-F800-4c08-8B7A-83BB121AAD01}</UniqueIdentifier>
      <Extensions>rc;ico;cur;bmp;dlg;rc2;rct;bin;rgs;gif;jpg;jpeg;jpe;resx;tiff;tif;png;wav</Extensions>
    </Filter>
    <Filter Include="Source Files">
      <UniqueIdentifier>{4FC737F1-C7A5-4376-A066-2A32D752A2FF}</UniqueIdentifier>
      <Extensions>cpp;c;cc;cxx;def;odl;idl;hpj;bat;asm;asmx</Extensions>
    </Filter>
  </ItemGroup>
  <ItemGroup>
    <ClCompile Include="aligngivenpath.cpp">
      <Filter>Source Files</Filter>
    </ClCompile>
    <ClCompile Include="aligngivenpathsw.cpp">
      <Filter>Source Files</Filter>
    </ClCompile>
    <ClCompile Include="aligntwomsas.cpp">
      <Filter>Source Files</Filter>
    </ClCompile>
    <ClCompile Include="aligntwoprofs.cpp">
      <Filter>Source Files</Filter>
    </ClCompile>
    <ClCompile Include="aln.cpp">
      <Filter>Source Files</Filter>
    </ClCompile>
    <ClCompile Include="alpha.cpp">
      <Filter>Source Files</Filter>
    </ClCompile>
    <ClCompile Include="anchors.cpp">
      <Filter>Source Files</Filter>
    </ClCompile>
    <ClCompile Include="AssemblyInfo.cpp">
      <Filter>Source Files</Filter>
    </ClCompile>
    <ClCompile Include="bittraceback.cpp">
      <Filter>Source Files</Filter>
    </ClCompile>
    <ClCompile Include="blosumla.cpp">
      <Filter>Source Files</Filter>
    </ClCompile>
    <ClCompile Include="clust.cpp">
      <Filter>Source Files</Filter>
    </ClCompile>
    <ClCompile Include="cluster.cpp">
      <Filter>Source Files</Filter>
    </ClCompile>
    <ClCompile Include="clwwt.cpp">
      <Filter>Source Files</Filter>
    </ClCompile>
    <ClCompile Include="color.cpp">
      <Filter>Source Files</Filter>
    </ClCompile>
    <ClCompile Include="cons.cpp">
      <Filter>Source Files</Filter>
    </ClCompile>
    <ClCompile Include="diaglist.cpp">
      <Filter>Source Files</Filter>
    </ClCompile>
    <ClCompile Include="diffobjscore.cpp">
      <Filter>Source Files</Filter>
    </ClCompile>
    <ClCompile Include="diffpaths.cpp">
      <Filter>Source Files</Filter>
    </ClCompile>
    <ClCompile Include="difftrees.cpp">
      <Filter>Source Files</Filter>
    </ClCompile>
    <ClCompile Include="difftreese.cpp">
      <Filter>Source Files</Filter>
    </ClCompile>
    <ClCompile Include="distcalc.cpp">
      <Filter>Source Files</Filter>
    </ClCompile>
    <ClCompile Include="distfunc.cpp">
      <Filter>Source Files</Filter>
    </ClCompile>
    <ClCompile Include="distpwkimura.cpp">
      <Filter>Source Files</Filter>
    </ClCompile>
    <ClCompile Include="domuscle.cpp">
      <Filter>Source Files</Filter>
    </ClCompile>
    <ClCompile Include="dosp.cpp">
      <Filter>Source Files</Filter>
    </ClCompile>
    <ClCompile Include="dpreglist.cpp">
      <Filter>Source Files</Filter>
    </ClCompile>
    <ClCompile Include="drawtree.cpp">
      <Filter>Source Files</Filter>
    </ClCompile>
    <ClCompile Include="edgelist.cpp">
      <Filter>Source Files</Filter>
    </ClCompile>
    <ClCompile Include="enumopts.cpp">
      <Filter>Source Files</Filter>
    </ClCompile>
    <ClCompile Include="enumtostr.cpp">
      <Filter>Source Files</Filter>
    </ClCompile>
    <ClCompile Include="estring.cpp">
      <Filter>Source Files</Filter>
    </ClCompile>
    <ClCompile Include="fasta.cpp">
      <Filter>Source Files</Filter>
    </ClCompile>
    <ClCompile Include="fasta2.cpp">
      <Filter>Source Files</Filter>
    </ClCompile>
    <ClCompile Include="fastclust.cpp">
      <Filter>Source Files</Filter>
    </ClCompile>
    <ClCompile Include="fastdist.cpp">
      <Filter>Source Files</Filter>
    </ClCompile>
    <ClCompile Include="fastdistjones.cpp">
      <Filter>Source Files</Filter>
    </ClCompile>
    <ClCompile Include="fastdistkbit.cpp">
      <Filter>Source Files</Filter>
    </ClCompile>
    <ClCompile Include="fastdistkmer.cpp">
      <Filter>Source Files</Filter>
    </ClCompile>
    <ClCompile Include="fastdistmafft.cpp">
      <Filter>Source Files</Filter>
    </ClCompile>
    <ClCompile Include="fastdistnuc.cpp">
      <Filter>Source Files</Filter>
    </ClCompile>
    <ClCompile Include="fastscorepath2.cpp">
      <Filter>Source Files</Filter>
    </ClCompile>
    <ClCompile Include="finddiags.cpp">
      <Filter>Source Files</Filter>
    </ClCompile>
    <ClCompile Include="finddiagsn.cpp">
      <Filter>Source Files</Filter>
    </ClCompile>
    <ClCompile Include="glbalign.cpp">
      <Filter>Source Files</Filter>
    </ClCompile>
    <ClCompile Include="glbalign352.cpp">
      <Filter>Source Files</Filter>
    </ClCompile>
    <ClCompile Include="glbaligndiag.cpp">
      <Filter>Source Files</Filter>
    </ClCompile>
    <ClCompile Include="glbalignle.cpp">
      <Filter>Source Files</Filter>
    </ClCompile>
    <ClCompile Include="glbalignsimple.cpp">
      <Filter>Source Files</Filter>
    </ClCompile>
    <ClCompile Include="glbalignsp.cpp">
      <Filter>Source Files</Filter>
    </ClCompile>
    <ClCompile Include="glbalignspn.cpp">
      <Filter>Source Files</Filter>
    </ClCompile>
    <ClCompile Include="glbalignss.cpp">
      <Filter>Source Files</Filter>
    </ClCompile>
    <ClCompile Include="glbalndimer.cpp">
      <Filter>Source Files</Filter>
    </ClCompile>
    <ClCompile Include="globals.cpp">
      <Filter>Source Files</Filter>
    </ClCompile>
    <ClCompile Include="globalslinux.cpp">
      <Filter>Source Files</Filter>
    </ClCompile>
    <ClCompile Include="globalswin32.cpp">
      <Filter>Source Files</Filter>
    </ClCompile>
    <ClCompile Include="gonnet.cpp">
      <Filter>Source Files</Filter>
    </ClCompile>
    <ClCompile Include="gotowt.cpp">
      <Filter>Source Files</Filter>
    </ClCompile>
    <ClCompile Include="henikoffweight.cpp">
      <Filter>Source Files</Filter>
    </ClCompile>
    <ClCompile Include="henikoffweightpb.cpp">
      <Filter>Source Files</Filter>
    </ClCompile>
    <ClCompile Include="html.cpp">
      <Filter>Source Files</Filter>
    </ClCompile>
    <ClCompile Include="hydro.cpp">
      <Filter>Source Files</Filter>
    </ClCompile>
    <ClCompile Include="intmath.cpp">
      <Filter>Source Files</Filter>
    </ClCompile>
    <ClCompile Include="local.cpp">
      <Filter>Source Files</Filter>
    </ClCompile>
    <ClCompile Include="main.cpp">
      <Filter>Source Files</Filter>
    </ClCompile>
    <ClCompile Include="makerootmsa.cpp">
      <Filter>Source Files</Filter>
    </ClCompile>
    <ClCompile Include="makerootmsab.cpp">
      <Filter>Source Files</Filter>
    </ClCompile>
    <ClCompile Include="mhack.cpp">
      <Filter>Source Files</Filter>
    </ClCompile>
    <ClCompile Include="mpam200.cpp">
      <Filter>Source Files</Filter>
    </ClCompile>
    <ClCompile Include="msa.cpp">
      <Filter>Source Files</Filter>
    </ClCompile>
    <ClCompile Include="msa2.cpp">
      <Filter>Source Files</Filter>
    </ClCompile>
    <ClCompile Include="msadistkimura.cpp">
      <Filter>Source Files</Filter>
    </ClCompile>
    <ClCompile Include="msf.cpp">
      <Filter>Source Files</Filter>
    </ClCompile>
    <ClCompile Include="muscle.cpp">
      <Filter>Source Files</Filter>
    </ClCompile>
    <ClCompile Include="muscleout.cpp">
      <Filter>Source Files</Filter>
    </ClCompile>
    <ClCompile Include="nucmx.cpp">
      <Filter>Source Files</Filter>
    </ClCompile>
    <ClCompile Include="nwdasimple.cpp">
      <Filter>Source Files</Filter>
    </ClCompile>
    <ClCompile Include="nwdasimple2.cpp">
      <Filter>Source Files</Filter>
    </ClCompile>
    <ClCompile Include="nwdasmall.cpp">
      <Filter>Source Files</Filter>
    </ClCompile>
    <ClCompile Include="nwrec.cpp">
      <Filter>Source Files</Filter>
    </ClCompile>
    <ClCompile Include="nwsmall.cpp">
      <Filter>Source Files</Filter>
    </ClCompile>
    <ClCompile Include="objscore.cpp">
      <Filter>Source Files</Filter>
    </ClCompile>
    <ClCompile Include="objscore2.cpp">
      <Filter>Source Files</Filter>
    </ClCompile>
    <ClCompile Include="objscoreda.cpp">
      <Filter>Source Files</Filter>
    </ClCompile>
    <ClCompile Include="onexception.cpp">
      <Filter>Source Files</Filter>
    </ClCompile>
    <ClCompile Include="options.cpp">
      <Filter>Source Files</Filter>
    </ClCompile>
    <ClCompile Include="outweights.cpp">
      <Filter>Source Files</Filter>
    </ClCompile>
    <ClCompile Include="pam200mafft.cpp">
      <Filter>Source Files</Filter>
    </ClCompile>
    <ClCompile Include="params.cpp">
      <Filter>Source Files</Filter>
    </ClCompile>
    <ClCompile Include="phy.cpp">
      <Filter>Source Files</Filter>
    </ClCompile>
    <ClCompile Include="phy2.cpp">
      <Filter>Source Files</Filter>
    </ClCompile>
    <ClCompile Include="phy3.cpp">
      <Filter>Source Files</Filter>
    </ClCompile>
    <ClCompile Include="phy4.cpp">
      <Filter>Source Files</Filter>
    </ClCompile>
    <ClCompile Include="phyfromclust.cpp">
      <Filter>Source Files</Filter>
    </ClCompile>
    <ClCompile Include="phyfromfile.cpp">
      <Filter>Source Files</Filter>
    </ClCompile>
    <ClCompile Include="physeq.cpp">
      <Filter>Source Files</Filter>
    </ClCompile>
    <ClCompile Include="phytofile.cpp">
      <Filter>Source Files</Filter>
    </ClCompile>
    <ClCompile Include="posgap.cpp">
      <Filter>Source Files</Filter>
    </ClCompile>
    <ClCompile Include="ppscore.cpp">
      <Filter>Source Files</Filter>
    </ClCompile>
    <ClCompile Include="profdb.cpp">
      <Filter>Source Files</Filter>
    </ClCompile>
    <ClCompile Include="profile.cpp">
      <Filter>Source Files</Filter>
    </ClCompile>
    <ClCompile Include="profilefrommsa.cpp">
      <Filter>Source Files</Filter>
    </ClCompile>
    <ClCompile Include="progalign.cpp">
      <Filter>Source Files</Filter>
    </ClCompile>
    <ClCompile Include="progress.cpp">
      <Filter>Source Files</Filter>
    </ClCompile>
    <ClCompile Include="progressivealign.cpp">
      <Filter>Source Files</Filter>
    </ClCompile>
    <ClCompile Include="pwpath.cpp">
      <Filter>Source Files</Filter>
    </ClCompile>
    <ClCompile Include="readmx.cpp">
      <Filter>Source Files</Filter>
    </ClCompile>
    <ClCompile Include="realigndiffs.cpp">
      <Filter>Source Files</Filter>
    </ClCompile>
    <ClCompile Include="realigndiffse.cpp">
      <Filter>Source Files</Filter>
    </ClCompile>
    <ClCompile Include="refine.cpp">
      <Filter>Source Files</Filter>
    </ClCompile>
    <ClCompile Include="refinehoriz.cpp">
      <Filter>Source Files</Filter>
    </ClCompile>
    <ClCompile Include="refinesubfams.cpp">
      <Filter>Source Files</Filter>
    </ClCompile>
    <ClCompile Include="refinetree.cpp">
      <Filter>Source Files</Filter>
    </ClCompile>
    <ClCompile Include="refinetreee.cpp">
      <Filter>Source Files</Filter>
    </ClCompile>
    <ClCompile Include="refinevert.cpp">
      <Filter>Source Files</Filter>
    </ClCompile>
    <ClCompile Include="refinew.cpp">
      <Filter>Source Files</Filter>
    </ClCompile>
    <ClCompile Include="savebest.cpp">
      <Filter>Source Files</Filter>
    </ClCompile>
    <ClCompile Include="scoregaps.cpp">
      <Filter>Source Files</Filter>
    </ClCompile>
    <ClCompile Include="scorehistory.cpp">
      <Filter>Source Files</Filter>
    </ClCompile>
    <ClCompile Include="scorepp.cpp">
      <Filter>Source Files</Filter>
    </ClCompile>
    <ClCompile Include="seq.cpp">
      <Filter>Source Files</Filter>
    </ClCompile>
    <ClCompile Include="seqvect.cpp">
      <Filter>Source Files</Filter>
    </ClCompile>
    <ClCompile Include="setblosumweights.cpp">
      <Filter>Source Files</Filter>
    </ClCompile>
    <ClCompile Include="setgscweights.cpp">
      <Filter>Source Files</Filter>
    </ClCompile>
    <ClCompile Include="setnewhandler.cpp">
      <Filter>Source Files</Filter>
    </ClCompile>
    <ClCompile Include="spfast.cpp">
      <Filter>Source Files</Filter>
    </ClCompile>
    <ClCompile Include="sptest.cpp">
      <Filter>Source Files</Filter>
    </ClCompile>
    <ClCompile Include="stabilize.cpp">
      <Filter>Source Files</Filter>
    </ClCompile>
    <ClCompile Include="Stdafx.cpp">
      <Filter>Source Files</Filter>
    </ClCompile>
    <ClCompile Include="subfam.cpp">
      <Filter>Source Files</Filter>
    </ClCompile>
    <ClCompile Include="subfams.cpp">
      <Filter>Source Files</Filter>
    </ClCompile>
    <ClCompile Include="sw.cpp">
      <Filter>Source Files</Filter>
    </ClCompile>
    <ClCompile Include="termgaps.cpp">
      <Filter>Source Files</Filter>
    </ClCompile>
    <ClCompile Include="textfile.cpp">
      <Filter>Source Files</Filter>
    </ClCompile>
    <ClCompile Include="threewaywt.cpp">
      <Filter>Source Files</Filter>
    </ClCompile>
    <ClCompile Include="traceback.cpp">
      <Filter>Source Files</Filter>
    </ClCompile>
    <ClCompile Include="tracebackopt.cpp">
      <Filter>Source Files</Filter>
    </ClCompile>
    <ClCompile Include="tracebacksw.cpp">
      <Filter>Source Files</Filter>
    </ClCompile>
    <ClCompile Include="treefrommsa.cpp">
      <Filter>Source Files</Filter>
    </ClCompile>
    <ClCompile Include="typetostr.cpp">
      <Filter>Source Files</Filter>
    </ClCompile>
    <ClCompile Include="upgma2.cpp">
      <Filter>Source Files</Filter>
    </ClCompile>
    <ClCompile Include="usage.cpp">
      <Filter>Source Files</Filter>
    </ClCompile>
    <ClCompile Include="validateids.cpp">
      <Filter>Source Files</Filter>
    </ClCompile>
    <ClCompile Include="vtml2.cpp">
      <Filter>Source Files</Filter>
    </ClCompile>
    <ClCompile Include="Wrapper.cpp">
      <Filter>Source Files</Filter>
    </ClCompile>
    <ClCompile Include="writescorefile.cpp">
      <Filter>Source Files</Filter>
    </ClCompile>
  </ItemGroup>
  <ItemGroup>
    <ClInclude Include="alpha.h">
      <Filter>Header Files</Filter>
    </ClInclude>
    <ClInclude Include="clust.h">
      <Filter>Header Files</Filter>
    </ClInclude>
    <ClInclude Include="cluster.h">
      <Filter>Header Files</Filter>
    </ClInclude>
    <ClInclude Include="clustset.h">
      <Filter>Header Files</Filter>
    </ClInclude>
    <ClInclude Include="clustsetdf.h">
      <Filter>Header Files</Filter>
    </ClInclude>
    <ClInclude Include="clustsetmsa.h">
      <Filter>Header Files</Filter>
    </ClInclude>
    <ClInclude Include="diaglist.h">
      <Filter>Header Files</Filter>
    </ClInclude>
    <ClInclude Include="distcalc.h">
      <Filter>Header Files</Filter>
    </ClInclude>
    <ClInclude Include="distfunc.h">
      <Filter>Header Files</Filter>
    </ClInclude>
    <ClInclude Include="dpregionlist.h">
      <Filter>Header Files</Filter>
    </ClInclude>
    <ClInclude Include="dpreglist.h">
      <Filter>Header Files</Filter>
    </ClInclude>
    <ClInclude Include="edgelist.h">
      <Filter>Header Files</Filter>
    </ClInclude>
    <ClInclude Include="enumopts.h">
      <Filter>Header Files</Filter>
    </ClInclude>
    <ClInclude Include="enums.h">
      <Filter>Header Files</Filter>
    </ClInclude>
    <ClInclude Include="estring.h">
      <Filter>Header Files</Filter>
    </ClInclude>
    <ClInclude Include="gapscoredimer.h">
      <Filter>Header Files</Filter>
    </ClInclude>
    <ClInclude Include="gonnet.h">
      <Filter>Header Files</Filter>
    </ClInclude>
    <ClInclude Include="intmath.h">
      <Filter>Header Files</Filter>
    </ClInclude>
    <ClInclude Include="msa.h">
      <Filter>Header Files</Filter>
    </ClInclude>
    <ClInclude Include="msadist.h">
      <Filter>Header Files</Filter>
    </ClInclude>
    <ClInclude Include="muscle.h">
      <Filter>Header Files</Filter>
    </ClInclude>
    <ClInclude Include="objscore.h">
      <Filter>Header Files</Filter>
    </ClInclude>
    <ClInclude Include="params.h">
      <Filter>Header Files</Filter>
    </ClInclude>
    <ClInclude Include="profile.h">
      <Filter>Header Files</Filter>
    </ClInclude>
    <ClInclude Include="pwpath.h">
      <Filter>Header Files</Filter>
    </ClInclude>
    <ClInclude Include="resource.h">
      <Filter>Header Files</Filter>
    </ClInclude>
    <ClInclude Include="scorehistory.h">
      <Filter>Header Files</Filter>
    </ClInclude>
    <ClInclude Include="seq.h">
      <Filter>Header Files</Filter>
    </ClInclude>
    <ClInclude Include="seqvect.h">
      <Filter>Header Files</Filter>
    </ClInclude>
    <ClInclude Include="Stdafx.h">
      <Filter>Header Files</Filter>
    </ClInclude>
    <ClInclude Include="textfile.h">
      <Filter>Header Files</Filter>
    </ClInclude>
    <ClInclude Include="timing.h">
      <Filter>Header Files</Filter>
    </ClInclude>
    <ClInclude Include="tree.h">
      <Filter>Header Files</Filter>
    </ClInclude>
    <ClInclude Include="types.h">
      <Filter>Header Files</Filter>
    </ClInclude>
    <ClInclude Include="unixio.h">
      <Filter>Header Files</Filter>
    </ClInclude>
    <ClInclude Include="Wrapper.h">
      <Filter>Header Files</Filter>
    </ClInclude>
  </ItemGroup>
  <ItemGroup>
    <ResourceCompile Include="app.rc">
      <Filter>Resource Files</Filter>
    </ResourceCompile>
  </ItemGroup>
  <ItemGroup>
    <None Include="app.ico">
      <Filter>Resource Files</Filter>
    </None>
  </ItemGroup>
</Project>